// !$*UTF8*$!
{
	archiveVersion = 1;
	classes = {
	};
	objectVersion = 46;
	objects = {

/* Begin PBXBuildFile section */
		32C3B80B1AD3942E00E97EF2 /* main.cpp in Sources */ = {isa = PBXBuildFile; fileRef = 32C3B80A1AD3942E00E97EF2 /* main.cpp */; };
		32C3B8131AD3971600E97EF2 /* GLUT.framework in Frameworks */ = {isa = PBXBuildFile; fileRef = 32C3B8111AD3971600E97EF2 /* GLUT.framework */; };
		32C3B8141AD3971600E97EF2 /* OpenGL.framework in Frameworks */ = {isa = PBXBuildFile; fileRef = 32C3B8121AD3971600E97EF2 /* OpenGL.framework */; };
		32D65CE21AE668A400E615F6 /* CoreAudio.framework in Frameworks */ = {isa = PBXBuildFile; fileRef = 32D65CE11AE668A400E615F6 /* CoreAudio.framework */; };
		32D65CE41AE668AD00E615F6 /* CoreFoundation.framework in Frameworks */ = {isa = PBXBuildFile; fileRef = 32D65CE31AE668AD00E615F6 /* CoreFoundation.framework */; };
		32D65CE61AE6691900E615F6 /* CoreMIDI.framework in Frameworks */ = {isa = PBXBuildFile; fileRef = 32D65CE51AE6691900E615F6 /* CoreMIDI.framework */; };
		32D65CEC1AE671B800E615F6 /* libc++.dylib in Frameworks */ = {isa = PBXBuildFile; fileRef = 32D65CEB1AE671B800E615F6 /* libc++.dylib */; };
		32D65CEF1AE6CC6E00E615F6 /* RtMidi.cpp in Sources */ = {isa = PBXBuildFile; fileRef = 32D65CED1AE6CC6E00E615F6 /* RtMidi.cpp */; };
		3A25E9E31AE73809008EF785 /* OpenAL.framework in Frameworks */ = {isa = PBXBuildFile; fileRef = 3A25E9E21AE73809008EF785 /* OpenAL.framework */; };
/* End PBXBuildFile section */

/* Begin PBXCopyFilesBuildPhase section */
		32C3B8051AD3942E00E97EF2 /* CopyFiles */ = {
			isa = PBXCopyFilesBuildPhase;
			buildActionMask = 2147483647;
			dstPath = /usr/share/man/man1;
			dstSubfolderSpec = 0;
			files = (
			);
			runOnlyForDeploymentPostprocessing = 1;
		};
/* End PBXCopyFilesBuildPhase section */

/* Begin PBXFileReference section */
		32C019DE1AE74B0100511E15 /* imageLoader.h */ = {isa = PBXFileReference; lastKnownFileType = sourcecode.c.h; path = imageLoader.h; sourceTree = "<group>"; };
		32C3B8071AD3942E00E97EF2 /* MIDIot */ = {isa = PBXFileReference; explicitFileType = "compiled.mach-o.executable"; includeInIndex = 0; path = MIDIot; sourceTree = BUILT_PRODUCTS_DIR; };
		32C3B80A1AD3942E00E97EF2 /* main.cpp */ = {isa = PBXFileReference; lastKnownFileType = sourcecode.cpp.cpp; path = main.cpp; sourceTree = "<group>"; };
		32C3B8111AD3971600E97EF2 /* GLUT.framework */ = {isa = PBXFileReference; lastKnownFileType = wrapper.framework; name = GLUT.framework; path = System/Library/Frameworks/GLUT.framework; sourceTree = SDKROOT; };
		32C3B8121AD3971600E97EF2 /* OpenGL.framework */ = {isa = PBXFileReference; lastKnownFileType = wrapper.framework; name = OpenGL.framework; path = System/Library/Frameworks/OpenGL.framework; sourceTree = SDKROOT; };
		32D65CE11AE668A400E615F6 /* CoreAudio.framework */ = {isa = PBXFileReference; lastKnownFileType = wrapper.framework; name = CoreAudio.framework; path = System/Library/Frameworks/CoreAudio.framework; sourceTree = SDKROOT; };
		32D65CE31AE668AD00E615F6 /* CoreFoundation.framework */ = {isa = PBXFileReference; lastKnownFileType = wrapper.framework; name = CoreFoundation.framework; path = System/Library/Frameworks/CoreFoundation.framework; sourceTree = SDKROOT; };
		32D65CE51AE6691900E615F6 /* CoreMIDI.framework */ = {isa = PBXFileReference; lastKnownFileType = wrapper.framework; name = CoreMIDI.framework; path = System/Library/Frameworks/CoreMIDI.framework; sourceTree = SDKROOT; };
		32D65CEB1AE671B800E615F6 /* libc++.dylib */ = {isa = PBXFileReference; lastKnownFileType = "compiled.mach-o.dylib"; name = "libc++.dylib"; path = "usr/lib/libc++.dylib"; sourceTree = SDKROOT; };
		32D65CED1AE6CC6E00E615F6 /* RtMidi.cpp */ = {isa = PBXFileReference; fileEncoding = 4; lastKnownFileType = sourcecode.cpp.cpp; path = RtMidi.cpp; sourceTree = "<group>"; };
		32D65CEE1AE6CC6E00E615F6 /* RtMidi.h */ = {isa = PBXFileReference; fileEncoding = 4; lastKnownFileType = sourcecode.c.h; path = RtMidi.h; sourceTree = "<group>"; };
		3A25E9B81AE72FD8008EF785 /* piano */ = {isa = PBXFileReference; lastKnownFileType = folder; path = piano; sourceTree = "<group>"; };
		3A25E9E21AE73809008EF785 /* OpenAL.framework */ = {isa = PBXFileReference; lastKnownFileType = wrapper.framework; name = OpenAL.framework; path = System/Library/Frameworks/OpenAL.framework; sourceTree = SDKROOT; };
/* End PBXFileReference section */

/* Begin PBXFrameworksBuildPhase section */
		32C3B8041AD3942E00E97EF2 /* Frameworks */ = {
			isa = PBXFrameworksBuildPhase;
			buildActionMask = 2147483647;
			files = (
				3A25E9E31AE73809008EF785 /* OpenAL.framework in Frameworks */,
				32D65CEC1AE671B800E615F6 /* libc++.dylib in Frameworks */,
				32D65CE61AE6691900E615F6 /* CoreMIDI.framework in Frameworks */,
				32D65CE41AE668AD00E615F6 /* CoreFoundation.framework in Frameworks */,
				32D65CE21AE668A400E615F6 /* CoreAudio.framework in Frameworks */,
				32C3B8131AD3971600E97EF2 /* GLUT.framework in Frameworks */,
				32C3B8141AD3971600E97EF2 /* OpenGL.framework in Frameworks */,
			);
			runOnlyForDeploymentPostprocessing = 0;
		};
/* End PBXFrameworksBuildPhase section */

/* Begin PBXGroup section */
		32C3B7FE1AD3942E00E97EF2 = {
			isa = PBXGroup;
			children = (
				3A25E9E21AE73809008EF785 /* OpenAL.framework */,
				32D65CEB1AE671B800E615F6 /* libc++.dylib */,
				32D65CE51AE6691900E615F6 /* CoreMIDI.framework */,
				32D65CE31AE668AD00E615F6 /* CoreFoundation.framework */,
				32D65CE11AE668A400E615F6 /* CoreAudio.framework */,
				32C3B8111AD3971600E97EF2 /* GLUT.framework */,
				32C3B8121AD3971600E97EF2 /* OpenGL.framework */,
				32C3B8091AD3942E00E97EF2 /* MIDIot */,
				32C3B8081AD3942E00E97EF2 /* Products */,
			);
			sourceTree = "<group>";
		};
		32C3B8081AD3942E00E97EF2 /* Products */ = {
			isa = PBXGroup;
			children = (
				32C3B8071AD3942E00E97EF2 /* MIDIot */,
			);
			name = Products;
			sourceTree = "<group>";
		};
		32C3B8091AD3942E00E97EF2 /* MIDIot */ = {
			isa = PBXGroup;
			children = (
				32C3B80A1AD3942E00E97EF2 /* main.cpp */,
				32D65CED1AE6CC6E00E615F6 /* RtMidi.cpp */,
				32C019DE1AE74B0100511E15 /* imageLoader.h */,
				32D65CEE1AE6CC6E00E615F6 /* RtMidi.h */,
				3A25E9B81AE72FD8008EF785 /* piano */,
			);
			path = MIDIot;
			sourceTree = "<group>";
		};
/* End PBXGroup section */

/* Begin PBXNativeTarget section */
		32C3B8061AD3942E00E97EF2 /* MIDIot */ = {
			isa = PBXNativeTarget;
			buildConfigurationList = 32C3B80E1AD3942E00E97EF2 /* Build configuration list for PBXNativeTarget "MIDIot" */;
			buildPhases = (
				32C3B8031AD3942E00E97EF2 /* Sources */,
				32C3B8041AD3942E00E97EF2 /* Frameworks */,
				32C3B8051AD3942E00E97EF2 /* CopyFiles */,
			);
			buildRules = (
			);
			dependencies = (
			);
			name = MIDIot;
			productName = MIDIot;
			productReference = 32C3B8071AD3942E00E97EF2 /* MIDIot */;
			productType = "com.apple.product-type.tool";
		};
/* End PBXNativeTarget section */

/* Begin PBXProject section */
		32C3B7FF1AD3942E00E97EF2 /* Project object */ = {
			isa = PBXProject;
			attributes = {
				LastUpgradeCheck = 0620;
				ORGANIZATIONNAME = ITESM;
				TargetAttributes = {
					32C3B8061AD3942E00E97EF2 = {
						CreatedOnToolsVersion = 6.2;
					};
				};
			};
			buildConfigurationList = 32C3B8021AD3942E00E97EF2 /* Build configuration list for PBXProject "MIDIot" */;
			compatibilityVersion = "Xcode 3.2";
			developmentRegion = English;
			hasScannedForEncodings = 0;
			knownRegions = (
				en,
			);
			mainGroup = 32C3B7FE1AD3942E00E97EF2;
			productRefGroup = 32C3B8081AD3942E00E97EF2 /* Products */;
			projectDirPath = "";
			projectRoot = "";
			targets = (
				32C3B8061AD3942E00E97EF2 /* MIDIot */,
			);
		};
/* End PBXProject section */

/* Begin PBXSourcesBuildPhase section */
		32C3B8031AD3942E00E97EF2 /* Sources */ = {
			isa = PBXSourcesBuildPhase;
			buildActionMask = 2147483647;
			files = (
				32D65CEF1AE6CC6E00E615F6 /* RtMidi.cpp in Sources */,
				32C3B80B1AD3942E00E97EF2 /* main.cpp in Sources */,
			);
			runOnlyForDeploymentPostprocessing = 0;
		};
/* End PBXSourcesBuildPhase section */

/* Begin XCBuildConfiguration section */
		32C3B80C1AD3942E00E97EF2 /* Debug */ = {
			isa = XCBuildConfiguration;
			buildSettings = {
				ALWAYS_SEARCH_USER_PATHS = NO;
				CLANG_CXX_LANGUAGE_STANDARD = "compiler-default";
				CLANG_CXX_LIBRARY = "compiler-default";
				CLANG_ENABLE_MODULES = YES;
				CLANG_ENABLE_OBJC_ARC = YES;
				CLANG_WARN_BOOL_CONVERSION = YES;
				CLANG_WARN_CONSTANT_CONVERSION = YES;
				CLANG_WARN_DIRECT_OBJC_ISA_USAGE = YES_ERROR;
				CLANG_WARN_EMPTY_BODY = YES;
				CLANG_WARN_ENUM_CONVERSION = YES;
				CLANG_WARN_INT_CONVERSION = YES;
				CLANG_WARN_OBJC_ROOT_CLASS = YES_ERROR;
				CLANG_WARN_UNREACHABLE_CODE = YES;
				CLANG_WARN__DUPLICATE_METHOD_MATCH = YES;
				COPY_PHASE_STRIP = NO;
				ENABLE_STRICT_OBJC_MSGSEND = YES;
				GCC_C_LANGUAGE_STANDARD = "compiler-default";
				GCC_DYNAMIC_NO_PIC = NO;
				GCC_OPTIMIZATION_LEVEL = 0;
				GCC_PREPROCESSOR_DEFINITIONS = (
					"DEBUG=1",
					"$(inherited)",
				);
				GCC_SYMBOLS_PRIVATE_EXTERN = NO;
				GCC_WARN_64_TO_32_BIT_CONVERSION = YES;
				GCC_WARN_ABOUT_RETURN_TYPE = YES_ERROR;
				GCC_WARN_UNDECLARED_SELECTOR = YES;
				GCC_WARN_UNINITIALIZED_AUTOS = YES_AGGRESSIVE;
				GCC_WARN_UNUSED_FUNCTION = YES;
				GCC_WARN_UNUSED_VARIABLE = YES;
				MACOSX_DEPLOYMENT_TARGET = "";
				MTL_ENABLE_DEBUG_INFO = YES;
				ONLY_ACTIVE_ARCH = YES;
				SDKROOT = macosx;
			};
			name = Debug;
		};
		32C3B80D1AD3942E00E97EF2 /* Release */ = {
			isa = XCBuildConfiguration;
			buildSettings = {
				ALWAYS_SEARCH_USER_PATHS = NO;
				CLANG_CXX_LANGUAGE_STANDARD = "compiler-default";
				CLANG_CXX_LIBRARY = "compiler-default";
				CLANG_ENABLE_MODULES = YES;
				CLANG_ENABLE_OBJC_ARC = YES;
				CLANG_WARN_BOOL_CONVERSION = YES;
				CLANG_WARN_CONSTANT_CONVERSION = YES;
				CLANG_WARN_DIRECT_OBJC_ISA_USAGE = YES_ERROR;
				CLANG_WARN_EMPTY_BODY = YES;
				CLANG_WARN_ENUM_CONVERSION = YES;
				CLANG_WARN_INT_CONVERSION = YES;
				CLANG_WARN_OBJC_ROOT_CLASS = YES_ERROR;
				CLANG_WARN_UNREACHABLE_CODE = YES;
				CLANG_WARN__DUPLICATE_METHOD_MATCH = YES;
				COPY_PHASE_STRIP = NO;
				DEBUG_INFORMATION_FORMAT = "dwarf-with-dsym";
				ENABLE_NS_ASSERTIONS = NO;
				ENABLE_STRICT_OBJC_MSGSEND = YES;
				GCC_C_LANGUAGE_STANDARD = "compiler-default";
				GCC_WARN_64_TO_32_BIT_CONVERSION = YES;
				GCC_WARN_ABOUT_RETURN_TYPE = YES_ERROR;
				GCC_WARN_UNDECLARED_SELECTOR = YES;
				GCC_WARN_UNINITIALIZED_AUTOS = YES_AGGRESSIVE;
				GCC_WARN_UNUSED_FUNCTION = YES;
				GCC_WARN_UNUSED_VARIABLE = YES;
				MACOSX_DEPLOYMENT_TARGET = "";
				MTL_ENABLE_DEBUG_INFO = NO;
				SDKROOT = macosx;
			};
			name = Release;
		};
		32C3B80F1AD3942E00E97EF2 /* Debug */ = {
			isa = XCBuildConfiguration;
			buildSettings = {
				CLANG_CXX_LANGUAGE_STANDARD = "c++0x";
				CLANG_CXX_LIBRARY = "libc++";
				FRAMEWORK_SEARCH_PATHS = (
					"$(inherited)",
					"$(PROJECT_DIR)",
				);
				GCC_PREPROCESSOR_DEFINITIONS = __MACOSX_CORE__;
				GCC_VERSION = "";
				LIBRARY_SEARCH_PATHS = (
					"$(inherited)",
					"$(SDKROOT)/usr/lib/system",
					"$(PROJECT_DIR)/sfmllib",
				);
				PRODUCT_NAME = "$(TARGET_NAME)";
			};
			name = Debug;
		};
		32C3B8101AD3942E00E97EF2 /* Release */ = {
			isa = XCBuildConfiguration;
			buildSettings = {
				CLANG_CXX_LANGUAGE_STANDARD = "c++0x";
				CLANG_CXX_LIBRARY = "libc++";
				FRAMEWORK_SEARCH_PATHS = (
					"$(inherited)",
					"$(PROJECT_DIR)",
				);
				GCC_PREPROCESSOR_DEFINITIONS = __MACOSX_CORE__;
				GCC_VERSION = "";
				LIBRARY_SEARCH_PATHS = (
					"$(inherited)",
					"$(SDKROOT)/usr/lib/system",
					"$(PROJECT_DIR)/sfmllib",
				);
				PRODUCT_NAME = "$(TARGET_NAME)";
			};
			name = Release;
		};
/* End XCBuildConfiguration section */

/* Begin XCConfigurationList section */
		32C3B8021AD3942E00E97EF2 /* Build configuration list for PBXProject "MIDIot" */ = {
			isa = XCConfigurationList;
			buildConfigurations = (
				32C3B80C1AD3942E00E97EF2 /* Debug */,
				32C3B80D1AD3942E00E97EF2 /* Release */,
			);
			defaultConfigurationIsVisible = 0;
			defaultConfigurationName = Release;
		};
		32C3B80E1AD3942E00E97EF2 /* Build configuration list for PBXNativeTarget "MIDIot" */ = {
			isa = XCConfigurationList;
			buildConfigurations = (
				32C3B80F1AD3942E00E97EF2 /* Debug */,
				32C3B8101AD3942E00E97EF2 /* Release */,
			);
			defaultConfigurationIsVisible = 0;
			defaultConfigurationName = Release;
		};
/* End XCConfigurationList section */
	};
	rootObject = 32C3B7FF1AD3942E00E97EF2 /* Project object */;
}
